
Microsoft Visual Studio Solution File, Format Version 12.00
# Visual Studio Version 16
VisualStudioVersion = 16.0.29613.14
MinimumVisualStudioVersion = 10.0.40219.1
Project("{9A19103F-16F7-4668-BE54-9A1E7A4F7556}") = "GameReviewing", "GameReviewing\GameReviewing.csproj", "{B2062574-AE3A-4BD8-9845-9826CB8ABF2D}"
EndProject
Project("{9A19103F-16F7-4668-BE54-9A1E7A4F7556}") = "DM2BD.Typeahead", "..\DTK\Prototype\DM2BD.DTK.Solution\TypeaheadBlazor\DM2BD.Typeahead.csproj", "{5243CD42-5E5F-4AF5-8954-6656BDCEF06F}"
EndProject
Global
	GlobalSection(SolutionConfigurationPlatforms) = preSolution
		Debug|Any CPU = Debug|Any CPU
		Release|Any CPU = Release|Any CPU
	EndGlobalSection
	GlobalSection(ProjectConfigurationPlatforms) = postSolution
		{B2062574-AE3A-4BD8-9845-9826CB8ABF2D}.Debug|Any CPU.ActiveCfg = Debug|Any CPU
		{B2062574-AE3A-4BD8-9845-9826CB8ABF2D}.Debug|Any CPU.Build.0 = Debug|Any CPU
		{B2062574-AE3A-4BD8-9845-9826CB8ABF2D}.Release|Any CPU.ActiveCfg = Release|Any CPU
		{B2062574-AE3A-4BD8-9845-9826CB8ABF2D}.Release|Any CPU.Build.0 = Release|Any CPU
		{5243CD42-5E5F-4AF5-8954-6656BDCEF06F}.Debug|Any CPU.ActiveCfg = Debug|Any CPU
		{5243CD42-5E5F-4AF5-8954-6656BDCEF06F}.Debug|Any CPU.Build.0 = Debug|Any CPU
		{5243CD42-5E5F-4AF5-8954-6656BDCEF06F}.Release|Any CPU.ActiveCfg = Release|Any CPU
		{5243CD42-5E5F-4AF5-8954-6656BDCEF06F}.Release|Any CPU.Build.0 = Release|Any CPU
	EndGlobalSection
	GlobalSection(SolutionProperties) = preSolution
		HideSolutionNode = FALSE
	EndGlobalSection
	GlobalSection(ExtensibilityGlobals) = postSolution
		SolutionGuid = {70E54DD0-6AE2-48B0-8BCD-08F830F252A9}
	EndGlobalSection
EndGlobal
